// !$*UTF8*$!
{
	archiveVersion = 1;
	classes = {
	};
	objectVersion = 51;
	objects = {

/* Begin PBXBuildFile section */
		693BF24E245CA31A00F09B38 /* SnapKit.framework in Frameworks */ = {isa = PBXBuildFile; fileRef = 693BF24A245CA31A00F09B38 /* SnapKit.framework */; };
		693BF24F245CA31A00F09B38 /* ReactiveCocoa.framework in Frameworks */ = {isa = PBXBuildFile; fileRef = 693BF24B245CA31A00F09B38 /* ReactiveCocoa.framework */; };
		693BF250245CA31A00F09B38 /* ReactiveMapKit.framework in Frameworks */ = {isa = PBXBuildFile; fileRef = 693BF24C245CA31A00F09B38 /* ReactiveMapKit.framework */; };
		693BF251245CA31A00F09B38 /* ReactiveSwift.framework in Frameworks */ = {isa = PBXBuildFile; fileRef = 693BF24D245CA31A00F09B38 /* ReactiveSwift.framework */; };
		6974DBBD245C3623008E1735 /* AppDelegate.swift in Sources */ = {isa = PBXBuildFile; fileRef = 6974DBBC245C3623008E1735 /* AppDelegate.swift */; };
		6974DBBF245C3623008E1735 /* SceneDelegate.swift in Sources */ = {isa = PBXBuildFile; fileRef = 6974DBBE245C3623008E1735 /* SceneDelegate.swift */; };
		6974DBC1245C3623008E1735 /* ViewController.swift in Sources */ = {isa = PBXBuildFile; fileRef = 6974DBC0245C3623008E1735 /* ViewController.swift */; };
		6974DBC7245C3623008E1735 /* RickAndMortyApp.xcdatamodeld in Sources */ = {isa = PBXBuildFile; fileRef = 6974DBC5245C3623008E1735 /* RickAndMortyApp.xcdatamodeld */; };
		6974DBC9245C362A008E1735 /* Assets.xcassets in Resources */ = {isa = PBXBuildFile; fileRef = 6974DBC8245C362A008E1735 /* Assets.xcassets */; };
		6974DBCC245C362A008E1735 /* LaunchScreen.storyboard in Resources */ = {isa = PBXBuildFile; fileRef = 6974DBCA245C362A008E1735 /* LaunchScreen.storyboard */; };
		6974DBD7245C362B008E1735 /* RickAndMortyAppTests.swift in Sources */ = {isa = PBXBuildFile; fileRef = 6974DBD6245C362B008E1735 /* RickAndMortyAppTests.swift */; };
		6974DBE2245C362B008E1735 /* RickAndMortyAppUITests.swift in Sources */ = {isa = PBXBuildFile; fileRef = 6974DBE1245C362B008E1735 /* RickAndMortyAppUITests.swift */; };
		6974DBF3245C6A13008E1735 /* Container.swift in Sources */ = {isa = PBXBuildFile; fileRef = 6974DBF2245C6A13008E1735 /* Container.swift */; };
		6974DBF6245C6A9E008E1735 /* Injectable.swift in Sources */ = {isa = PBXBuildFile; fileRef = 6974DBF5245C6A9E008E1735 /* Injectable.swift */; };
/* End PBXBuildFile section */

/* Begin PBXContainerItemProxy section */
		6974DBD3245C362B008E1735 /* PBXContainerItemProxy */ = {
			isa = PBXContainerItemProxy;
			containerPortal = 6974DBB1245C3623008E1735 /* Project object */;
			proxyType = 1;
			remoteGlobalIDString = 6974DBB8245C3623008E1735;
			remoteInfo = RickAndMortyApp;
		};
		6974DBDE245C362B008E1735 /* PBXContainerItemProxy */ = {
			isa = PBXContainerItemProxy;
			containerPortal = 6974DBB1245C3623008E1735 /* Project object */;
			proxyType = 1;
			remoteGlobalIDString = 6974DBB8245C3623008E1735;
			remoteInfo = RickAndMortyApp;
		};
/* End PBXContainerItemProxy section */

/* Begin PBXFileReference section */
		693BF24A245CA31A00F09B38 /* SnapKit.framework */ = {isa = PBXFileReference; lastKnownFileType = wrapper.framework; name = SnapKit.framework; path = Carthage/Build/iOS/SnapKit.framework; sourceTree = "<group>"; };
		693BF24B245CA31A00F09B38 /* ReactiveCocoa.framework */ = {isa = PBXFileReference; lastKnownFileType = wrapper.framework; name = ReactiveCocoa.framework; path = Carthage/Build/iOS/ReactiveCocoa.framework; sourceTree = "<group>"; };
		693BF24C245CA31A00F09B38 /* ReactiveMapKit.framework */ = {isa = PBXFileReference; lastKnownFileType = wrapper.framework; name = ReactiveMapKit.framework; path = Carthage/Build/iOS/ReactiveMapKit.framework; sourceTree = "<group>"; };
		693BF24D245CA31A00F09B38 /* ReactiveSwift.framework */ = {isa = PBXFileReference; lastKnownFileType = wrapper.framework; name = ReactiveSwift.framework; path = Carthage/Build/iOS/ReactiveSwift.framework; sourceTree = "<group>"; };
		6974DBB9245C3623008E1735 /* RickAndMortyApp.app */ = {isa = PBXFileReference; explicitFileType = wrapper.application; includeInIndex = 0; path = RickAndMortyApp.app; sourceTree = BUILT_PRODUCTS_DIR; };
		6974DBBC245C3623008E1735 /* AppDelegate.swift */ = {isa = PBXFileReference; lastKnownFileType = sourcecode.swift; path = AppDelegate.swift; sourceTree = "<group>"; };
		6974DBBE245C3623008E1735 /* SceneDelegate.swift */ = {isa = PBXFileReference; lastKnownFileType = sourcecode.swift; path = SceneDelegate.swift; sourceTree = "<group>"; };
		6974DBC0245C3623008E1735 /* ViewController.swift */ = {isa = PBXFileReference; lastKnownFileType = sourcecode.swift; path = ViewController.swift; sourceTree = "<group>"; };
		6974DBC6245C3623008E1735 /* RickAndMortyApp.xcdatamodel */ = {isa = PBXFileReference; lastKnownFileType = wrapper.xcdatamodel; path = RickAndMortyApp.xcdatamodel; sourceTree = "<group>"; };
		6974DBC8245C362A008E1735 /* Assets.xcassets */ = {isa = PBXFileReference; lastKnownFileType = folder.assetcatalog; path = Assets.xcassets; sourceTree = "<group>"; };
		6974DBCB245C362A008E1735 /* Base */ = {isa = PBXFileReference; lastKnownFileType = file.storyboard; name = Base; path = Base.lproj/LaunchScreen.storyboard; sourceTree = "<group>"; };
		6974DBCD245C362A008E1735 /* Info.plist */ = {isa = PBXFileReference; lastKnownFileType = text.plist.xml; path = Info.plist; sourceTree = "<group>"; };
		6974DBD2245C362B008E1735 /* RickAndMortyAppTests.xctest */ = {isa = PBXFileReference; explicitFileType = wrapper.cfbundle; includeInIndex = 0; path = RickAndMortyAppTests.xctest; sourceTree = BUILT_PRODUCTS_DIR; };
		6974DBD6245C362B008E1735 /* RickAndMortyAppTests.swift */ = {isa = PBXFileReference; lastKnownFileType = sourcecode.swift; path = RickAndMortyAppTests.swift; sourceTree = "<group>"; };
		6974DBD8245C362B008E1735 /* Info.plist */ = {isa = PBXFileReference; lastKnownFileType = text.plist.xml; path = Info.plist; sourceTree = "<group>"; };
		6974DBDD245C362B008E1735 /* RickAndMortyAppUITests.xctest */ = {isa = PBXFileReference; explicitFileType = wrapper.cfbundle; includeInIndex = 0; path = RickAndMortyAppUITests.xctest; sourceTree = BUILT_PRODUCTS_DIR; };
		6974DBE1245C362B008E1735 /* RickAndMortyAppUITests.swift */ = {isa = PBXFileReference; lastKnownFileType = sourcecode.swift; path = RickAndMortyAppUITests.swift; sourceTree = "<group>"; };
		6974DBE3245C362B008E1735 /* Info.plist */ = {isa = PBXFileReference; lastKnownFileType = text.plist.xml; path = Info.plist; sourceTree = "<group>"; };
		6974DBF2245C6A13008E1735 /* Container.swift */ = {isa = PBXFileReference; lastKnownFileType = sourcecode.swift; path = Container.swift; sourceTree = "<group>"; };
		6974DBF5245C6A9E008E1735 /* Injectable.swift */ = {isa = PBXFileReference; lastKnownFileType = sourcecode.swift; path = Injectable.swift; sourceTree = "<group>"; };
/* End PBXFileReference section */

/* Begin PBXFrameworksBuildPhase section */
		6974DBB6245C3623008E1735 /* Frameworks */ = {
			isa = PBXFrameworksBuildPhase;
			buildActionMask = 2147483647;
			files = (
				693BF250245CA31A00F09B38 /* ReactiveMapKit.framework in Frameworks */,
				693BF24E245CA31A00F09B38 /* SnapKit.framework in Frameworks */,
				693BF24F245CA31A00F09B38 /* ReactiveCocoa.framework in Frameworks */,
				693BF251245CA31A00F09B38 /* ReactiveSwift.framework in Frameworks */,
			);
			runOnlyForDeploymentPostprocessing = 0;
		};
		6974DBCF245C362B008E1735 /* Frameworks */ = {
			isa = PBXFrameworksBuildPhase;
			buildActionMask = 2147483647;
			files = (
			);
			runOnlyForDeploymentPostprocessing = 0;
		};
		6974DBDA245C362B008E1735 /* Frameworks */ = {
			isa = PBXFrameworksBuildPhase;
			buildActionMask = 2147483647;
			files = (
			);
			runOnlyForDeploymentPostprocessing = 0;
		};
/* End PBXFrameworksBuildPhase section */

/* Begin PBXGroup section */
		693BF249245CA2DD00F09B38 /* Framework */ = {
			isa = PBXGroup;
			children = (
				693BF24B245CA31A00F09B38 /* ReactiveCocoa.framework */,
				693BF24C245CA31A00F09B38 /* ReactiveMapKit.framework */,
				693BF24D245CA31A00F09B38 /* ReactiveSwift.framework */,
				693BF24A245CA31A00F09B38 /* SnapKit.framework */,
			);
			name = Framework;
			sourceTree = "<group>";
		};
		6974DBB0245C3623008E1735 = {
			isa = PBXGroup;
			children = (
				693BF249245CA2DD00F09B38 /* Framework */,
				6974DBBB245C3623008E1735 /* RickAndMortyApp */,
				6974DBD5245C362B008E1735 /* RickAndMortyAppTests */,
				6974DBE0245C362B008E1735 /* RickAndMortyAppUITests */,
				6974DBBA245C3623008E1735 /* Products */,
			);
			sourceTree = "<group>";
		};
		6974DBBA245C3623008E1735 /* Products */ = {
			isa = PBXGroup;
			children = (
				6974DBB9245C3623008E1735 /* RickAndMortyApp.app */,
				6974DBD2245C362B008E1735 /* RickAndMortyAppTests.xctest */,
				6974DBDD245C362B008E1735 /* RickAndMortyAppUITests.xctest */,
			);
			name = Products;
			sourceTree = "<group>";
		};
		6974DBBB245C3623008E1735 /* RickAndMortyApp */ = {
			isa = PBXGroup;
			children = (
				6974DBF7245C95ED008E1735 /* Module */,
				6974DBF1245C6A02008E1735 /* DI */,
				6974DBEF245C5256008E1735 /* Supporting Files */,
				6974DBC0245C3623008E1735 /* ViewController.swift */,
			);
			path = RickAndMortyApp;
			sourceTree = "<group>";
		};
		6974DBD5245C362B008E1735 /* RickAndMortyAppTests */ = {
			isa = PBXGroup;
			children = (
				6974DBD6245C362B008E1735 /* RickAndMortyAppTests.swift */,
				6974DBD8245C362B008E1735 /* Info.plist */,
			);
			path = RickAndMortyAppTests;
			sourceTree = "<group>";
		};
		6974DBE0245C362B008E1735 /* RickAndMortyAppUITests */ = {
			isa = PBXGroup;
			children = (
				6974DBE1245C362B008E1735 /* RickAndMortyAppUITests.swift */,
				6974DBE3245C362B008E1735 /* Info.plist */,
			);
			path = RickAndMortyAppUITests;
			sourceTree = "<group>";
		};
		6974DBEF245C5256008E1735 /* Supporting Files */ = {
			isa = PBXGroup;
			children = (
				6974DBBC245C3623008E1735 /* AppDelegate.swift */,
				6974DBBE245C3623008E1735 /* SceneDelegate.swift */,
				6974DBC8245C362A008E1735 /* Assets.xcassets */,
				6974DBCA245C362A008E1735 /* LaunchScreen.storyboard */,
				6974DBCD245C362A008E1735 /* Info.plist */,
				6974DBC5245C3623008E1735 /* RickAndMortyApp.xcdatamodeld */,
			);
			name = "Supporting Files";
			sourceTree = "<group>";
		};
		6974DBF1245C6A02008E1735 /* DI */ = {
			isa = PBXGroup;
			children = (
				6974DBF5245C6A9E008E1735 /* Injectable.swift */,
				6974DBF2245C6A13008E1735 /* Container.swift */,
			);
			name = DI;
			sourceTree = "<group>";
		};
		6974DBF7245C95ED008E1735 /* Module */ = {
			isa = PBXGroup;
			children = (
			);
			name = Module;
			sourceTree = "<group>";
		};
/* End PBXGroup section */

/* Begin PBXNativeTarget section */
		6974DBB8245C3623008E1735 /* RickAndMortyApp */ = {
			isa = PBXNativeTarget;
			buildConfigurationList = 6974DBE6245C362B008E1735 /* Build configuration list for PBXNativeTarget "RickAndMortyApp" */;
			buildPhases = (
				6974DBB5245C3623008E1735 /* Sources */,
				6974DBB6245C3623008E1735 /* Frameworks */,
				6974DBB7245C3623008E1735 /* Resources */,
				693BF252245CA3A200F09B38 /* Carthage */,
			);
			buildRules = (
			);
			dependencies = (
			);
			name = RickAndMortyApp;
			productName = RickAndMortyApp;
			productReference = 6974DBB9245C3623008E1735 /* RickAndMortyApp.app */;
			productType = "com.apple.product-type.application";
		};
		6974DBD1245C362B008E1735 /* RickAndMortyAppTests */ = {
			isa = PBXNativeTarget;
			buildConfigurationList = 6974DBE9245C362B008E1735 /* Build configuration list for PBXNativeTarget "RickAndMortyAppTests" */;
			buildPhases = (
				6974DBCE245C362B008E1735 /* Sources */,
				6974DBCF245C362B008E1735 /* Frameworks */,
				6974DBD0245C362B008E1735 /* Resources */,
			);
			buildRules = (
			);
			dependencies = (
				6974DBD4245C362B008E1735 /* PBXTargetDependency */,
			);
			name = RickAndMortyAppTests;
			productName = RickAndMortyAppTests;
			productReference = 6974DBD2245C362B008E1735 /* RickAndMortyAppTests.xctest */;
			productType = "com.apple.product-type.bundle.unit-test";
		};
		6974DBDC245C362B008E1735 /* RickAndMortyAppUITests */ = {
			isa = PBXNativeTarget;
			buildConfigurationList = 6974DBEC245C362B008E1735 /* Build configuration list for PBXNativeTarget "RickAndMortyAppUITests" */;
			buildPhases = (
				6974DBD9245C362B008E1735 /* Sources */,
				6974DBDA245C362B008E1735 /* Frameworks */,
				6974DBDB245C362B008E1735 /* Resources */,
			);
			buildRules = (
			);
			dependencies = (
				6974DBDF245C362B008E1735 /* PBXTargetDependency */,
			);
			name = RickAndMortyAppUITests;
			productName = RickAndMortyAppUITests;
			productReference = 6974DBDD245C362B008E1735 /* RickAndMortyAppUITests.xctest */;
			productType = "com.apple.product-type.bundle.ui-testing";
		};
/* End PBXNativeTarget section */

/* Begin PBXProject section */
		6974DBB1245C3623008E1735 /* Project object */ = {
			isa = PBXProject;
			attributes = {
				LastSwiftUpdateCheck = 1140;
				LastUpgradeCheck = 1140;
				ORGANIZATIONNAME = "Tiago Louis Zontag";
				TargetAttributes = {
					6974DBB8245C3623008E1735 = {
						CreatedOnToolsVersion = 11.4.1;
					};
					6974DBD1245C362B008E1735 = {
						CreatedOnToolsVersion = 11.4.1;
						TestTargetID = 6974DBB8245C3623008E1735;
					};
					6974DBDC245C362B008E1735 = {
						CreatedOnToolsVersion = 11.4.1;
						TestTargetID = 6974DBB8245C3623008E1735;
					};
				};
			};
			buildConfigurationList = 6974DBB4245C3623008E1735 /* Build configuration list for PBXProject "RickAndMortyApp" */;
			compatibilityVersion = "Xcode 9.3";
			developmentRegion = en;
			hasScannedForEncodings = 0;
			knownRegions = (
				en,
				Base,
			);
			mainGroup = 6974DBB0245C3623008E1735;
			productRefGroup = 6974DBBA245C3623008E1735 /* Products */;
			projectDirPath = "";
			projectRoot = "";
			targets = (
				6974DBB8245C3623008E1735 /* RickAndMortyApp */,
				6974DBD1245C362B008E1735 /* RickAndMortyAppTests */,
				6974DBDC245C362B008E1735 /* RickAndMortyAppUITests */,
			);
		};
/* End PBXProject section */

/* Begin PBXResourcesBuildPhase section */
		6974DBB7245C3623008E1735 /* Resources */ = {
			isa = PBXResourcesBuildPhase;
			buildActionMask = 2147483647;
			files = (
				6974DBCC245C362A008E1735 /* LaunchScreen.storyboard in Resources */,
				6974DBC9245C362A008E1735 /* Assets.xcassets in Resources */,
			);
			runOnlyForDeploymentPostprocessing = 0;
		};
		6974DBD0245C362B008E1735 /* Resources */ = {
			isa = PBXResourcesBuildPhase;
			buildActionMask = 2147483647;
			files = (
			);
			runOnlyForDeploymentPostprocessing = 0;
		};
		6974DBDB245C362B008E1735 /* Resources */ = {
			isa = PBXResourcesBuildPhase;
			buildActionMask = 2147483647;
			files = (
			);
			runOnlyForDeploymentPostprocessing = 0;
		};
/* End PBXResourcesBuildPhase section */

/* Begin PBXShellScriptBuildPhase section */
		693BF252245CA3A200F09B38 /* Carthage */ = {
			isa = PBXShellScriptBuildPhase;
			buildActionMask = 2147483647;
			files = (
			);
			inputFileListPaths = (
				"$(SRCROOT)/input.xcfilelist",
			);
			inputPaths = (
			);
			name = Carthage;
			outputFileListPaths = (
				"$(SRCROOT)/output.xcfilelist",
			);
			outputPaths = (
			);
			runOnlyForDeploymentPostprocessing = 0;
			shellPath = /bin/sh;
			shellScript = "/usr/local/bin/carthage copy-frameworks\n";
		};
/* End PBXShellScriptBuildPhase section */

/* Begin PBXSourcesBuildPhase section */
		6974DBB5245C3623008E1735 /* Sources */ = {
			isa = PBXSourcesBuildPhase;
			buildActionMask = 2147483647;
			files = (
				6974DBF3245C6A13008E1735 /* Container.swift in Sources */,
				6974DBC7245C3623008E1735 /* RickAndMortyApp.xcdatamodeld in Sources */,
				6974DBC1245C3623008E1735 /* ViewController.swift in Sources */,
				6974DBBD245C3623008E1735 /* AppDelegate.swift in Sources */,
				6974DBF6245C6A9E008E1735 /* Injectable.swift in Sources */,
				6974DBBF245C3623008E1735 /* SceneDelegate.swift in Sources */,
			);
			runOnlyForDeploymentPostprocessing = 0;
		};
		6974DBCE245C362B008E1735 /* Sources */ = {
			isa = PBXSourcesBuildPhase;
			buildActionMask = 2147483647;
			files = (
				6974DBD7245C362B008E1735 /* RickAndMortyAppTests.swift in Sources */,
			);
			runOnlyForDeploymentPostprocessing = 0;
		};
		6974DBD9245C362B008E1735 /* Sources */ = {
			isa = PBXSourcesBuildPhase;
			buildActionMask = 2147483647;
			files = (
				6974DBE2245C362B008E1735 /* RickAndMortyAppUITests.swift in Sources */,
			);
			runOnlyForDeploymentPostprocessing = 0;
		};
/* End PBXSourcesBuildPhase section */

/* Begin PBXTargetDependency section */
		6974DBD4245C362B008E1735 /* PBXTargetDependency */ = {
			isa = PBXTargetDependency;
			target = 6974DBB8245C3623008E1735 /* RickAndMortyApp */;
			targetProxy = 6974DBD3245C362B008E1735 /* PBXContainerItemProxy */;
		};
		6974DBDF245C362B008E1735 /* PBXTargetDependency */ = {
			isa = PBXTargetDependency;
			target = 6974DBB8245C3623008E1735 /* RickAndMortyApp */;
			targetProxy = 6974DBDE245C362B008E1735 /* PBXContainerItemProxy */;
		};
/* End PBXTargetDependency section */

/* Begin PBXVariantGroup section */
		6974DBCA245C362A008E1735 /* LaunchScreen.storyboard */ = {
			isa = PBXVariantGroup;
			children = (
				6974DBCB245C362A008E1735 /* Base */,
			);
			name = LaunchScreen.storyboard;
			sourceTree = "<group>";
		};
/* End PBXVariantGroup section */

/* Begin XCBuildConfiguration section */
		6974DBE4245C362B008E1735 /* Debug */ = {
			isa = XCBuildConfiguration;
			buildSettings = {
				ALWAYS_SEARCH_USER_PATHS = NO;
				CLANG_ANALYZER_NONNULL = YES;
				CLANG_ANALYZER_NUMBER_OBJECT_CONVERSION = YES_AGGRESSIVE;
				CLANG_CXX_LANGUAGE_STANDARD = "gnu++14";
				CLANG_CXX_LIBRARY = "libc++";
				CLANG_ENABLE_MODULES = YES;
				CLANG_ENABLE_OBJC_ARC = YES;
				CLANG_ENABLE_OBJC_WEAK = YES;
				CLANG_WARN_BLOCK_CAPTURE_AUTORELEASING = YES;
				CLANG_WARN_BOOL_CONVERSION = YES;
				CLANG_WARN_COMMA = YES;
				CLANG_WARN_CONSTANT_CONVERSION = YES;
				CLANG_WARN_DEPRECATED_OBJC_IMPLEMENTATIONS = YES;
				CLANG_WARN_DIRECT_OBJC_ISA_USAGE = YES_ERROR;
				CLANG_WARN_DOCUMENTATION_COMMENTS = YES;
				CLANG_WARN_EMPTY_BODY = YES;
				CLANG_WARN_ENUM_CONVERSION = YES;
				CLANG_WARN_INFINITE_RECURSION = YES;
				CLANG_WARN_INT_CONVERSION = YES;
				CLANG_WARN_NON_LITERAL_NULL_CONVERSION = YES;
				CLANG_WARN_OBJC_IMPLICIT_RETAIN_SELF = YES;
				CLANG_WARN_OBJC_LITERAL_CONVERSION = YES;
				CLANG_WARN_OBJC_ROOT_CLASS = YES_ERROR;
				CLANG_WARN_RANGE_LOOP_ANALYSIS = YES;
				CLANG_WARN_STRICT_PROTOTYPES = YES;
				CLANG_WARN_SUSPICIOUS_MOVE = YES;
				CLANG_WARN_UNGUARDED_AVAILABILITY = YES_AGGRESSIVE;
				CLANG_WARN_UNREACHABLE_CODE = YES;
				CLANG_WARN__DUPLICATE_METHOD_MATCH = YES;
				COPY_PHASE_STRIP = NO;
				DEBUG_INFORMATION_FORMAT = dwarf;
				ENABLE_STRICT_OBJC_MSGSEND = YES;
				ENABLE_TESTABILITY = YES;
				GCC_C_LANGUAGE_STANDARD = gnu11;
				GCC_DYNAMIC_NO_PIC = NO;
				GCC_NO_COMMON_BLOCKS = YES;
				GCC_OPTIMIZATION_LEVEL = 0;
				GCC_PREPROCESSOR_DEFINITIONS = (
					"DEBUG=1",
					"$(inherited)",
				);
				GCC_WARN_64_TO_32_BIT_CONVERSION = YES;
				GCC_WARN_ABOUT_RETURN_TYPE = YES_ERROR;
				GCC_WARN_UNDECLARED_SELECTOR = YES;
				GCC_WARN_UNINITIALIZED_AUTOS = YES_AGGRESSIVE;
				GCC_WARN_UNUSED_FUNCTION = YES;
				GCC_WARN_UNUSED_VARIABLE = YES;
				IPHONEOS_DEPLOYMENT_TARGET = 11.0;
				MTL_ENABLE_DEBUG_INFO = INCLUDE_SOURCE;
				MTL_FAST_MATH = YES;
				ONLY_ACTIVE_ARCH = YES;
				SDKROOT = iphoneos;
				SWIFT_ACTIVE_COMPILATION_CONDITIONS = DEBUG;
				SWIFT_OPTIMIZATION_LEVEL = "-Onone";
			};
			name = Debug;
		};
		6974DBE5245C362B008E1735 /* Release */ = {
			isa = XCBuildConfiguration;
			buildSettings = {
				ALWAYS_SEARCH_USER_PATHS = NO;
				CLANG_ANALYZER_NONNULL = YES;
				CLANG_ANALYZER_NUMBER_OBJECT_CONVERSION = YES_AGGRESSIVE;
				CLANG_CXX_LANGUAGE_STANDARD = "gnu++14";
				CLANG_CXX_LIBRARY = "libc++";
				CLANG_ENABLE_MODULES = YES;
				CLANG_ENABLE_OBJC_ARC = YES;
				CLANG_ENABLE_OBJC_WEAK = YES;
				CLANG_WARN_BLOCK_CAPTURE_AUTORELEASING = YES;
				CLANG_WARN_BOOL_CONVERSION = YES;
				CLANG_WARN_COMMA = YES;
				CLANG_WARN_CONSTANT_CONVERSION = YES;
				CLANG_WARN_DEPRECATED_OBJC_IMPLEMENTATIONS = YES;
				CLANG_WARN_DIRECT_OBJC_ISA_USAGE = YES_ERROR;
				CLANG_WARN_DOCUMENTATION_COMMENTS = YES;
				CLANG_WARN_EMPTY_BODY = YES;
				CLANG_WARN_ENUM_CONVERSION = YES;
				CLANG_WARN_INFINITE_RECURSION = YES;
				CLANG_WARN_INT_CONVERSION = YES;
				CLANG_WARN_NON_LITERAL_NULL_CONVERSION = YES;
				CLANG_WARN_OBJC_IMPLICIT_RETAIN_SELF = YES;
				CLANG_WARN_OBJC_LITERAL_CONVERSION = YES;
				CLANG_WARN_OBJC_ROOT_CLASS = YES_ERROR;
				CLANG_WARN_RANGE_LOOP_ANALYSIS = YES;
				CLANG_WARN_STRICT_PROTOTYPES = YES;
				CLANG_WARN_SUSPICIOUS_MOVE = YES;
				CLANG_WARN_UNGUARDED_AVAILABILITY = YES_AGGRESSIVE;
				CLANG_WARN_UNREACHABLE_CODE = YES;
				CLANG_WARN__DUPLICATE_METHOD_MATCH = YES;
				COPY_PHASE_STRIP = NO;
				DEBUG_INFORMATION_FORMAT = "dwarf-with-dsym";
				ENABLE_NS_ASSERTIONS = NO;
				ENABLE_STRICT_OBJC_MSGSEND = YES;
				GCC_C_LANGUAGE_STANDARD = gnu11;
				GCC_NO_COMMON_BLOCKS = YES;
				GCC_WARN_64_TO_32_BIT_CONVERSION = YES;
				GCC_WARN_ABOUT_RETURN_TYPE = YES_ERROR;
				GCC_WARN_UNDECLARED_SELECTOR = YES;
				GCC_WARN_UNINITIALIZED_AUTOS = YES_AGGRESSIVE;
				GCC_WARN_UNUSED_FUNCTION = YES;
				GCC_WARN_UNUSED_VARIABLE = YES;
				IPHONEOS_DEPLOYMENT_TARGET = 11.0;
				MTL_ENABLE_DEBUG_INFO = NO;
				MTL_FAST_MATH = YES;
				SDKROOT = iphoneos;
				SWIFT_COMPILATION_MODE = wholemodule;
				SWIFT_OPTIMIZATION_LEVEL = "-O";
				VALIDATE_PRODUCT = YES;
			};
			name = Release;
		};
		6974DBE7245C362B008E1735 /* Debug */ = {
			isa = XCBuildConfiguration;
			buildSettings = {
				ASSETCATALOG_COMPILER_APPICON_NAME = AppIcon;
				CODE_SIGN_STYLE = Automatic;
				DEVELOPMENT_TEAM = BSPWLUU5V5;
				FRAMEWORK_SEARCH_PATHS = (
					"$(inherited)",
					"$(PROJECT_DIR)/Carthage/Build/iOS",
				);
				INFOPLIST_FILE = RickAndMortyApp/Info.plist;
				LD_RUNPATH_SEARCH_PATHS = (
					"$(inherited)",
					"@executable_path/Frameworks",
				);
				PRODUCT_BUNDLE_IDENTIFIER = zontag.RickAndMortyApp;
				PRODUCT_NAME = "$(TARGET_NAME)";
				SWIFT_VERSION = 5.0;
				TARGETED_DEVICE_FAMILY = 1;
			};
			name = Debug;
		};
		6974DBE8245C362B008E1735 /* Release */ = {
			isa = XCBuildConfiguration;
			buildSettings = {
				ASSETCATALOG_COMPILER_APPICON_NAME = AppIcon;
				CODE_SIGN_STYLE = Automatic;
				DEVELOPMENT_TEAM = BSPWLUU5V5;
				FRAMEWORK_SEARCH_PATHS = (
					"$(inherited)",
					"$(PROJECT_DIR)/Carthage/Build/iOS",
				);
				INFOPLIST_FILE = RickAndMortyApp/Info.plist;
				LD_RUNPATH_SEARCH_PATHS = (
					"$(inherited)",
					"@executable_path/Frameworks",
				);
				PRODUCT_BUNDLE_IDENTIFIER = zontag.RickAndMortyApp;
				PRODUCT_NAME = "$(TARGET_NAME)";
				SWIFT_VERSION = 5.0;
				TARGETED_DEVICE_FAMILY = 1;
			};
			name = Release;
		};
		6974DBEA245C362B008E1735 /* Debug */ = {
			isa = XCBuildConfiguration;
			buildSettings = {
				ALWAYS_EMBED_SWIFT_STANDARD_LIBRARIES = YES;
				BUNDLE_LOADER = "$(TEST_HOST)";
				CODE_SIGN_STYLE = Automatic;
				DEVELOPMENT_TEAM = BSPWLUU5V5;
				INFOPLIST_FILE = RickAndMortyAppTests/Info.plist;
				IPHONEOS_DEPLOYMENT_TARGET = 13.4;
				LD_RUNPATH_SEARCH_PATHS = (
					"$(inherited)",
					"@executable_path/Frameworks",
					"@loader_path/Frameworks",
				);
				PRODUCT_BUNDLE_IDENTIFIER = zontag.RickAndMortyAppTests;
				PRODUCT_NAME = "$(TARGET_NAME)";
				SWIFT_VERSION = 5.0;
				TARGETED_DEVICE_FAMILY = "1,2";
				TEST_HOST = "$(BUILT_PRODUCTS_DIR)/RickAndMortyApp.app/RickAndMortyApp";
			};
			name = Debug;
		};
		6974DBEB245C362B008E1735 /* Release */ = {
			isa = XCBuildConfiguration;
			buildSettings = {
				ALWAYS_EMBED_SWIFT_STANDARD_LIBRARIES = YES;
				BUNDLE_LOADER = "$(TEST_HOST)";
				CODE_SIGN_STYLE = Automatic;
				DEVELOPMENT_TEAM = BSPWLUU5V5;
				INFOPLIST_FILE = RickAndMortyAppTests/Info.plist;
				IPHONEOS_DEPLOYMENT_TARGET = 13.4;
				LD_RUNPATH_SEARCH_PATHS = (
					"$(inherited)",
					"@executable_path/Frameworks",
					"@loader_path/Frameworks",
				);
				PRODUCT_BUNDLE_IDENTIFIER = zontag.RickAndMortyAppTests;
				PRODUCT_NAME = "$(TARGET_NAME)";
				SWIFT_VERSION = 5.0;
				TARGETED_DEVICE_FAMILY = "1,2";
				TEST_HOST = "$(BUILT_PRODUCTS_DIR)/RickAndMortyApp.app/RickAndMortyApp";
			};
			name = Release;
		};
		6974DBED245C362B008E1735 /* Debug */ = {
			isa = XCBuildConfiguration;
			buildSettings = {
				ALWAYS_EMBED_SWIFT_STANDARD_LIBRARIES = YES;
				CODE_SIGN_STYLE = Automatic;
				DEVELOPMENT_TEAM = BSPWLUU5V5;
				INFOPLIST_FILE = RickAndMortyAppUITests/Info.plist;
				LD_RUNPATH_SEARCH_PATHS = (
					"$(inherited)",
					"@executable_path/Frameworks",
					"@loader_path/Frameworks",
				);
				PRODUCT_BUNDLE_IDENTIFIER = zontag.RickAndMortyAppUITests;
				PRODUCT_NAME = "$(TARGET_NAME)";
				SWIFT_VERSION = 5.0;
				TARGETED_DEVICE_FAMILY = "1,2";
				TEST_TARGET_NAME = RickAndMortyApp;
			};
			name = Debug;
		};
		6974DBEE245C362B008E1735 /* Release */ = {
			isa = XCBuildConfiguration;
			buildSettings = {
				ALWAYS_EMBED_SWIFT_STANDARD_LIBRARIES = YES;
				CODE_SIGN_STYLE = Automatic;
				DEVELOPMENT_TEAM = BSPWLUU5V5;
				INFOPLIST_FILE = RickAndMortyAppUITests/Info.plist;
				LD_RUNPATH_SEARCH_PATHS = (
					"$(inherited)",
					"@executable_path/Frameworks",
					"@loader_path/Frameworks",
				);
				PRODUCT_BUNDLE_IDENTIFIER = zontag.RickAndMortyAppUITests;
				PRODUCT_NAME = "$(TARGET_NAME)";
				SWIFT_VERSION = 5.0;
				TARGETED_DEVICE_FAMILY = "1,2";
				TEST_TARGET_NAME = RickAndMortyApp;
			};
			name = Release;
		};
/* End XCBuildConfiguration section */

/* Begin XCConfigurationList section */
		6974DBB4245C3623008E1735 /* Build configuration list for PBXProject "RickAndMortyApp" */ = {
			isa = XCConfigurationList;
			buildConfigurations = (
				6974DBE4245C362B008E1735 /* Debug */,
				6974DBE5245C362B008E1735 /* Release */,
			);
			defaultConfigurationIsVisible = 0;
			defaultConfigurationName = Release;
		};
		6974DBE6245C362B008E1735 /* Build configuration list for PBXNativeTarget "RickAndMortyApp" */ = {
			isa = XCConfigurationList;
			buildConfigurations = (
				6974DBE7245C362B008E1735 /* Debug */,
				6974DBE8245C362B008E1735 /* Release */,
			);
			defaultConfigurationIsVisible = 0;
			defaultConfigurationName = Release;
		};
		6974DBE9245C362B008E1735 /* Build configuration list for PBXNativeTarget "RickAndMortyAppTests" */ = {
			isa = XCConfigurationList;
			buildConfigurations = (
				6974DBEA245C362B008E1735 /* Debug */,
				6974DBEB245C362B008E1735 /* Release */,
			);
			defaultConfigurationIsVisible = 0;
			defaultConfigurationName = Release;
		};
		6974DBEC245C362B008E1735 /* Build configuration list for PBXNativeTarget "RickAndMortyAppUITests" */ = {
			isa = XCConfigurationList;
			buildConfigurations = (
				6974DBED245C362B008E1735 /* Debug */,
				6974DBEE245C362B008E1735 /* Release */,
			);
			defaultConfigurationIsVisible = 0;
			defaultConfigurationName = Release;
		};
/* End XCConfigurationList section */

/* Begin XCVersionGroup section */
		6974DBC5245C3623008E1735 /* RickAndMortyApp.xcdatamodeld */ = {
			isa = XCVersionGroup;
			children = (
				6974DBC6245C3623008E1735 /* RickAndMortyApp.xcdatamodel */,
			);
			currentVersion = 6974DBC6245C3623008E1735 /* RickAndMortyApp.xcdatamodel */;
			path = RickAndMortyApp.xcdatamodeld;
			sourceTree = "<group>";
			versionGroupType = wrapper.xcdatamodel;
		};
/* End XCVersionGroup section */
	};
	rootObject = 6974DBB1245C3623008E1735 /* Project object */;
}
